{
  "name": "semver-quirks",
  "version": "0.1.0",
  "lockfileVersion": 3,
  "requires": true,
  "packages": {
    "": {
      "name": "semver-quirks",
      "version": "0.1.0",
      "license": "ISC",
      "dependencies": {
        "lodash": "^0.2.0",
        "react": "^0.0.1"
      }
    },
    "node_modules/lodash": {
      "version": "0.2.2",
      "resolved": "https://registry.npmjs.org/lodash/-/lodash-0.2.2.tgz",
      "integrity": "sha512-OPzZZb4xiAJMdQiiX0+lNENfJi2Q81d47msW92eAO53WsGvfSLPNuH3Y5rj16X95LyDJJFZI5oTyZH8hqw+YAA==",
      "engines": [
        "node",
        "rhino"
      ]
    },
    "node_modules/react": {
      "version": "0.0.1",
      "resolved": "https://registry.npmjs.org/react/-/react-0.0.1.tgz",
      "integrity": "sha512-rFzmt9tKNA5BxD0teT90iTceOQsDrcdtnUTyn0EMReoKiUzbEcobYxpc1WW+trpHja5HtU2HQCoDYX6gBf+9xw==",
      "engines": {
        "node": "~v0.4.12"
      }
    }
  }
}
